
Microsoft Visual Studio Solution File, Format Version 12.00
# Visual Studio Version 17
VisualStudioVersion = 17.6.33723.286
MinimumVisualStudioVersion = 10.0.40219.1
Project("{9A19103F-16F7-4668-BE54-9A1E7A4F7556}") = "User Registration Problem", "User Registration Problem.csproj", "{5BDF07DB-2B2B-4A3F-AEAF-F86FBE3289C3}"
EndProject
Project("{FAE04EC0-301F-11D3-BF4B-00C04F79EFBC}") = "User Registration Test Cases", "..\User Registration Test Cases\User Registration Test Cases.csproj", "{9A0A29B4-A64E-471E-B87C-089B95E48FC4}"
EndProject
Global
	GlobalSection(SolutionConfigurationPlatforms) = preSolution
		Debug|Any CPU = Debug|Any CPU
		Release|Any CPU = Release|Any CPU
	EndGlobalSection
	GlobalSection(ProjectConfigurationPlatforms) = postSolution
		{5BDF07DB-2B2B-4A3F-AEAF-F86FBE3289C3}.Debug|Any CPU.ActiveCfg = Debug|Any CPU
		{5BDF07DB-2B2B-4A3F-AEAF-F86FBE3289C3}.Debug|Any CPU.Build.0 = Debug|Any CPU
		{5BDF07DB-2B2B-4A3F-AEAF-F86FBE3289C3}.Release|Any CPU.ActiveCfg = Release|Any CPU
		{5BDF07DB-2B2B-4A3F-AEAF-F86FBE3289C3}.Release|Any CPU.Build.0 = Release|Any CPU
		{9A0A29B4-A64E-471E-B87C-089B95E48FC4}.Debug|Any CPU.ActiveCfg = Debug|Any CPU
		{9A0A29B4-A64E-471E-B87C-089B95E48FC4}.Debug|Any CPU.Build.0 = Debug|Any CPU
		{9A0A29B4-A64E-471E-B87C-089B95E48FC4}.Release|Any CPU.ActiveCfg = Release|Any CPU
		{9A0A29B4-A64E-471E-B87C-089B95E48FC4}.Release|Any CPU.Build.0 = Release|Any CPU
	EndGlobalSection
	GlobalSection(SolutionProperties) = preSolution
		HideSolutionNode = FALSE
	EndGlobalSection
	GlobalSection(ExtensibilityGlobals) = postSolution
		SolutionGuid = {03700FFC-68E0-4394-9047-6540C24DC4C9}
	EndGlobalSection
EndGlobal
